
Microsoft Visual Studio Solution File, Format Version 11.00
# Visual Studio 2010
Project("{FAE04EC0-301F-11D3-BF4B-00C04F79EFBC}") = "BuildingBlocks", "Assembly-CSharp-firstpass.csproj", "{3FB9D776-FBAB-0C53-2499-5F899EFC72A0}"
EndProject
Project("{FAE04EC0-301F-11D3-BF4B-00C04F79EFBC}") = "BuildingBlocks", "Assembly-CSharp.csproj", "{7D6A777A-F6F2-9B96-B5BE-E163076D96BC}"
EndProject
Project("{FAE04EC0-301F-11D3-BF4B-00C04F79EFBC}") = "BuildingBlocks", "Assembly-CSharp-Editor-firstpass.csproj", "{9A1BD145-9D6C-6745-5780-95EA23DFA59C}"
EndProject
Global
	GlobalSection(SolutionConfigurationPlatforms) = preSolution
		Debug|Any CPU = Debug|Any CPU
		Release|Any CPU = Release|Any CPU
	EndGlobalSection
	GlobalSection(ProjectConfigurationPlatforms) = postSolution
		{3FB9D776-FBAB-0C53-2499-5F899EFC72A0}.Debug|Any CPU.ActiveCfg = Debug|Any CPU
		{3FB9D776-FBAB-0C53-2499-5F899EFC72A0}.Debug|Any CPU.Build.0 = Debug|Any CPU
		{3FB9D776-FBAB-0C53-2499-5F899EFC72A0}.Release|Any CPU.ActiveCfg = Release|Any CPU
		{3FB9D776-FBAB-0C53-2499-5F899EFC72A0}.Release|Any CPU.Build.0 = Release|Any CPU
		{7D6A777A-F6F2-9B96-B5BE-E163076D96BC}.Debug|Any CPU.ActiveCfg = Debug|Any CPU
		{7D6A777A-F6F2-9B96-B5BE-E163076D96BC}.Debug|Any CPU.Build.0 = Debug|Any CPU
		{7D6A777A-F6F2-9B96-B5BE-E163076D96BC}.Release|Any CPU.ActiveCfg = Release|Any CPU
		{7D6A777A-F6F2-9B96-B5BE-E163076D96BC}.Release|Any CPU.Build.0 = Release|Any CPU
		{9A1BD145-9D6C-6745-5780-95EA23DFA59C}.Debug|Any CPU.ActiveCfg = Debug|Any CPU
		{9A1BD145-9D6C-6745-5780-95EA23DFA59C}.Debug|Any CPU.Build.0 = Debug|Any CPU
		{9A1BD145-9D6C-6745-5780-95EA23DFA59C}.Release|Any CPU.ActiveCfg = Release|Any CPU
		{9A1BD145-9D6C-6745-5780-95EA23DFA59C}.Release|Any CPU.Build.0 = Release|Any CPU
	EndGlobalSection
	GlobalSection(SolutionProperties) = preSolution
		HideSolutionNode = FALSE
	EndGlobalSection
	GlobalSection(MonoDevelopProperties) = preSolution
		StartupItem = Assembly-CSharp.csproj
	EndGlobalSection
EndGlobal
