
Microsoft Visual Studio Solution File, Format Version 11.00
# Visual Studio 2010
Project("{FAE04EC0-301F-11D3-BF4B-00C04F79EFBC}") = "ChunkColumns", "Assembly-CSharp.csproj", "{48CF8295-72D9-1468-3733-699EE6A9161A}"
EndProject
Global
	GlobalSection(SolutionConfigurationPlatforms) = preSolution
		Debug|Any CPU = Debug|Any CPU
		Release|Any CPU = Release|Any CPU
	EndGlobalSection
	GlobalSection(ProjectConfigurationPlatforms) = postSolution
		{48CF8295-72D9-1468-3733-699EE6A9161A}.Debug|Any CPU.ActiveCfg = Debug|Any CPU
		{48CF8295-72D9-1468-3733-699EE6A9161A}.Debug|Any CPU.Build.0 = Debug|Any CPU
		{48CF8295-72D9-1468-3733-699EE6A9161A}.Release|Any CPU.ActiveCfg = Release|Any CPU
		{48CF8295-72D9-1468-3733-699EE6A9161A}.Release|Any CPU.Build.0 = Release|Any CPU
	EndGlobalSection
	GlobalSection(SolutionProperties) = preSolution
		HideSolutionNode = FALSE
	EndGlobalSection
	GlobalSection(MonoDevelopProperties) = preSolution
		StartupItem = Assembly-CSharp.csproj
	EndGlobalSection
EndGlobal
