
Microsoft Visual Studio Solution File, Format Version 11.00
# Visual Studio 2010
Project("{FAE04EC0-301F-11D3-BF4B-00C04F79EFBC}") = "CreateAndDestroy", "Assembly-CSharp-firstpass.csproj", "{FF0D8CD2-140F-50B0-79D6-CB6464A63B9B}"
EndProject
Project("{FAE04EC0-301F-11D3-BF4B-00C04F79EFBC}") = "CreateAndDestroy", "Assembly-CSharp.csproj", "{05665478-C941-0E09-8839-E7D63A7EB56A}"
EndProject
Project("{FAE04EC0-301F-11D3-BF4B-00C04F79EFBC}") = "CreateAndDestroy", "Assembly-CSharp-Editor-firstpass.csproj", "{311901B1-3A3E-811E-727A-90382BE9A0AA}"
EndProject
Global
	GlobalSection(SolutionConfigurationPlatforms) = preSolution
		Debug|Any CPU = Debug|Any CPU
		Release|Any CPU = Release|Any CPU
	EndGlobalSection
	GlobalSection(ProjectConfigurationPlatforms) = postSolution
		{FF0D8CD2-140F-50B0-79D6-CB6464A63B9B}.Debug|Any CPU.ActiveCfg = Debug|Any CPU
		{FF0D8CD2-140F-50B0-79D6-CB6464A63B9B}.Debug|Any CPU.Build.0 = Debug|Any CPU
		{FF0D8CD2-140F-50B0-79D6-CB6464A63B9B}.Release|Any CPU.ActiveCfg = Release|Any CPU
		{FF0D8CD2-140F-50B0-79D6-CB6464A63B9B}.Release|Any CPU.Build.0 = Release|Any CPU
		{05665478-C941-0E09-8839-E7D63A7EB56A}.Debug|Any CPU.ActiveCfg = Debug|Any CPU
		{05665478-C941-0E09-8839-E7D63A7EB56A}.Debug|Any CPU.Build.0 = Debug|Any CPU
		{05665478-C941-0E09-8839-E7D63A7EB56A}.Release|Any CPU.ActiveCfg = Release|Any CPU
		{05665478-C941-0E09-8839-E7D63A7EB56A}.Release|Any CPU.Build.0 = Release|Any CPU
		{311901B1-3A3E-811E-727A-90382BE9A0AA}.Debug|Any CPU.ActiveCfg = Debug|Any CPU
		{311901B1-3A3E-811E-727A-90382BE9A0AA}.Debug|Any CPU.Build.0 = Debug|Any CPU
		{311901B1-3A3E-811E-727A-90382BE9A0AA}.Release|Any CPU.ActiveCfg = Release|Any CPU
		{311901B1-3A3E-811E-727A-90382BE9A0AA}.Release|Any CPU.Build.0 = Release|Any CPU
	EndGlobalSection
	GlobalSection(SolutionProperties) = preSolution
		HideSolutionNode = FALSE
	EndGlobalSection
	GlobalSection(MonoDevelopProperties) = preSolution
		StartupItem = Assembly-CSharp.csproj
	EndGlobalSection
EndGlobal
